
Microsoft Visual Studio Solution File, Format Version 12.00
# Visual Studio Version 17
VisualStudioVersion = 17.7.34031.279
MinimumVisualStudioVersion = 10.0.40219.1
Project("{FAE04EC0-301F-11D3-BF4B-00C04F79EFBC}") = "ABPTestProject", "ABPTestProject\ABPTestProject.csproj", "{A7413DCA-CAFC-45AE-8B88-1C7BB479D854}"
EndProject
Global
	GlobalSection(SolutionConfigurationPlatforms) = preSolution
		Debug|Any CPU = Debug|Any CPU
		Release|Any CPU = Release|Any CPU
	EndGlobalSection
	GlobalSection(ProjectConfigurationPlatforms) = postSolution
		{A7413DCA-CAFC-45AE-8B88-1C7BB479D854}.Debug|Any CPU.ActiveCfg = Debug|Any CPU
		{A7413DCA-CAFC-45AE-8B88-1C7BB479D854}.Debug|Any CPU.Build.0 = Debug|Any CPU
		{A7413DCA-CAFC-45AE-8B88-1C7BB479D854}.Release|Any CPU.ActiveCfg = Release|Any CPU
		{A7413DCA-CAFC-45AE-8B88-1C7BB479D854}.Release|Any CPU.Build.0 = Release|Any CPU
	EndGlobalSection
	GlobalSection(SolutionProperties) = preSolution
		HideSolutionNode = FALSE
	EndGlobalSection
	GlobalSection(ExtensibilityGlobals) = postSolution
		SolutionGuid = {5F47BC59-12B0-42D6-BB9C-6DF183D2CD74}
	EndGlobalSection
EndGlobal
